
Microsoft Visual Studio Solution File, Format Version 12.00
# Visual Studio Version 17
VisualStudioVersion = 17.8.34511.84
MinimumVisualStudioVersion = 10.0.40219.1
Project("{FAE04EC0-301F-11D3-BF4B-00C04F79EFBC}") = "anki-japanese-flashcard-manager-backend", "anki-japanese-flashcard-manager-backend\anki-japanese-flashcard-manager-backend.csproj", "{193ED129-C649-4BF3-BCA2-4F8911F90409}"
EndProject
Project("{FAE04EC0-301F-11D3-BF4B-00C04F79EFBC}") = "Tests", "Tests\Tests.csproj", "{039C5C52-6D56-4279-A7C4-ACD58ABFBC27}"
EndProject
Global
	GlobalSection(SolutionConfigurationPlatforms) = preSolution
		Debug|Any CPU = Debug|Any CPU
		Release|Any CPU = Release|Any CPU
	EndGlobalSection
	GlobalSection(ProjectConfigurationPlatforms) = postSolution
		{193ED129-C649-4BF3-BCA2-4F8911F90409}.Debug|Any CPU.ActiveCfg = Debug|Any CPU
		{193ED129-C649-4BF3-BCA2-4F8911F90409}.Debug|Any CPU.Build.0 = Debug|Any CPU
		{193ED129-C649-4BF3-BCA2-4F8911F90409}.Release|Any CPU.ActiveCfg = Release|Any CPU
		{193ED129-C649-4BF3-BCA2-4F8911F90409}.Release|Any CPU.Build.0 = Release|Any CPU
		{039C5C52-6D56-4279-A7C4-ACD58ABFBC27}.Debug|Any CPU.ActiveCfg = Debug|Any CPU
		{039C5C52-6D56-4279-A7C4-ACD58ABFBC27}.Debug|Any CPU.Build.0 = Debug|Any CPU
		{039C5C52-6D56-4279-A7C4-ACD58ABFBC27}.Release|Any CPU.ActiveCfg = Release|Any CPU
		{039C5C52-6D56-4279-A7C4-ACD58ABFBC27}.Release|Any CPU.Build.0 = Release|Any CPU
	EndGlobalSection
	GlobalSection(SolutionProperties) = preSolution
		HideSolutionNode = FALSE
	EndGlobalSection
	GlobalSection(ExtensibilityGlobals) = postSolution
		SolutionGuid = {5A238E5D-AA13-47B6-81FD-B4A6EF7EABB5}
	EndGlobalSection
EndGlobal
